
Microsoft Visual Studio Solution File, Format Version 12.00
# Visual Studio Version 17
VisualStudioVersion = 17.2.32314.265
MinimumVisualStudioVersion = 10.0.40219.1
Project("{FAE04EC0-301F-11D3-BF4B-00C04F79EFBC}") = "Validacao", "Validacao.csproj", "{0F0B45C1-0869-4B08-B8CB-62863EF6D513}"
EndProject
Global
	GlobalSection(SolutionConfigurationPlatforms) = preSolution
		Debug|Any CPU = Debug|Any CPU
		Release|Any CPU = Release|Any CPU
	EndGlobalSection
	GlobalSection(ProjectConfigurationPlatforms) = postSolution
		{0F0B45C1-0869-4B08-B8CB-62863EF6D513}.Debug|Any CPU.ActiveCfg = Debug|Any CPU
		{0F0B45C1-0869-4B08-B8CB-62863EF6D513}.Debug|Any CPU.Build.0 = Debug|Any CPU
		{0F0B45C1-0869-4B08-B8CB-62863EF6D513}.Release|Any CPU.ActiveCfg = Release|Any CPU
		{0F0B45C1-0869-4B08-B8CB-62863EF6D513}.Release|Any CPU.Build.0 = Release|Any CPU
	EndGlobalSection
	GlobalSection(SolutionProperties) = preSolution
		HideSolutionNode = FALSE
	EndGlobalSection
	GlobalSection(ExtensibilityGlobals) = postSolution
		SolutionGuid = {5BA7F422-191D-40FE-AB21-85528D341D2F}
	EndGlobalSection
EndGlobal
